// !$*UTF8*$!
{
	archiveVersion = 1;
	classes = {
	};
	objectVersion = 50;
	objects = {

/* Begin PBXBuildFile section */
		468705F1225FAB010054A8B1 /* AppDelegate.swift in Sources */ = {isa = PBXBuildFile; fileRef = 468705F0225FAB010054A8B1 /* AppDelegate.swift */; };
		468705F3225FAB010054A8B1 /* ViewController.swift in Sources */ = {isa = PBXBuildFile; fileRef = 468705F2225FAB010054A8B1 /* ViewController.swift */; };
		468705F6225FAB010054A8B1 /* Main.storyboard in Resources */ = {isa = PBXBuildFile; fileRef = 468705F4225FAB010054A8B1 /* Main.storyboard */; };
		468705F8225FAB020054A8B1 /* Assets.xcassets in Resources */ = {isa = PBXBuildFile; fileRef = 468705F7225FAB020054A8B1 /* Assets.xcassets */; };
		468705FB225FAB020054A8B1 /* LaunchScreen.storyboard in Resources */ = {isa = PBXBuildFile; fileRef = 468705F9225FAB020054A8B1 /* LaunchScreen.storyboard */; };
		46870603226115E40054A8B1 /* Model.swift in Sources */ = {isa = PBXBuildFile; fileRef = 46870602226115E40054A8B1 /* Model.swift */; };
		A31B2AD8C85F447E9E0B98F8 /* Pods_demoAlamofire.framework in Frameworks */ = {isa = PBXBuildFile; fileRef = E0AABD8BD36B034980807999 /* Pods_demoAlamofire.framework */; };
/* End PBXBuildFile section */

/* Begin PBXFileReference section */
		468705ED225FAB010054A8B1 /* demoAlamofire.app */ = {isa = PBXFileReference; explicitFileType = wrapper.application; includeInIndex = 0; path = demoAlamofire.app; sourceTree = BUILT_PRODUCTS_DIR; };
		468705F0225FAB010054A8B1 /* AppDelegate.swift */ = {isa = PBXFileReference; lastKnownFileType = sourcecode.swift; path = AppDelegate.swift; sourceTree = "<group>"; };
		468705F2225FAB010054A8B1 /* ViewController.swift */ = {isa = PBXFileReference; lastKnownFileType = sourcecode.swift; path = ViewController.swift; sourceTree = "<group>"; };
		468705F5225FAB010054A8B1 /* Base */ = {isa = PBXFileReference; lastKnownFileType = file.storyboard; name = Base; path = Base.lproj/Main.storyboard; sourceTree = "<group>"; };
		468705F7225FAB020054A8B1 /* Assets.xcassets */ = {isa = PBXFileReference; lastKnownFileType = folder.assetcatalog; path = Assets.xcassets; sourceTree = "<group>"; };
		468705FA225FAB020054A8B1 /* Base */ = {isa = PBXFileReference; lastKnownFileType = file.storyboard; name = Base; path = Base.lproj/LaunchScreen.storyboard; sourceTree = "<group>"; };
		468705FC225FAB020054A8B1 /* Info.plist */ = {isa = PBXFileReference; lastKnownFileType = text.plist.xml; path = Info.plist; sourceTree = "<group>"; };
		46870602226115E40054A8B1 /* Model.swift */ = {isa = PBXFileReference; lastKnownFileType = sourcecode.swift; path = Model.swift; sourceTree = "<group>"; };
		7BC2EE512EE6573D427930AC /* Pods-demoAlamofire.release.xcconfig */ = {isa = PBXFileReference; includeInIndex = 1; lastKnownFileType = text.xcconfig; name = "Pods-demoAlamofire.release.xcconfig"; path = "Pods/Target Support Files/Pods-demoAlamofire/Pods-demoAlamofire.release.xcconfig"; sourceTree = "<group>"; };
		E0AABD8BD36B034980807999 /* Pods_demoAlamofire.framework */ = {isa = PBXFileReference; explicitFileType = wrapper.framework; includeInIndex = 0; path = Pods_demoAlamofire.framework; sourceTree = BUILT_PRODUCTS_DIR; };
		FAA5DE2B61046FEA807BFEEB /* Pods-demoAlamofire.debug.xcconfig */ = {isa = PBXFileReference; includeInIndex = 1; lastKnownFileType = text.xcconfig; name = "Pods-demoAlamofire.debug.xcconfig"; path = "Pods/Target Support Files/Pods-demoAlamofire/Pods-demoAlamofire.debug.xcconfig"; sourceTree = "<group>"; };
/* End PBXFileReference section */

/* Begin PBXFrameworksBuildPhase section */
		468705EA225FAB010054A8B1 /* Frameworks */ = {
			isa = PBXFrameworksBuildPhase;
			buildActionMask = 2147483647;
			files = (
				A31B2AD8C85F447E9E0B98F8 /* Pods_demoAlamofire.framework in Frameworks */,
			);
			runOnlyForDeploymentPostprocessing = 0;
		};
/* End PBXFrameworksBuildPhase section */

/* Begin PBXGroup section */
		468705E4225FAB010054A8B1 = {
			isa = PBXGroup;
			children = (
				468705EF225FAB010054A8B1 /* demoAlamofire */,
				468705EE225FAB010054A8B1 /* Products */,
				85628D522B8DABF66F34119B /* Pods */,
				B38C1E2926DF1764DBE2F7F5 /* Frameworks */,
			);
			sourceTree = "<group>";
		};
		468705EE225FAB010054A8B1 /* Products */ = {
			isa = PBXGroup;
			children = (
				468705ED225FAB010054A8B1 /* demoAlamofire.app */,
			);
			name = Products;
			sourceTree = "<group>";
		};
		468705EF225FAB010054A8B1 /* demoAlamofire */ = {
			isa = PBXGroup;
			children = (
				468705F0225FAB010054A8B1 /* AppDelegate.swift */,
				468705F2225FAB010054A8B1 /* ViewController.swift */,
				468705F4225FAB010054A8B1 /* Main.storyboard */,
				468705F7225FAB020054A8B1 /* Assets.xcassets */,
				468705F9225FAB020054A8B1 /* LaunchScreen.storyboard */,
				468705FC225FAB020054A8B1 /* Info.plist */,
				46870602226115E40054A8B1 /* Model.swift */,
			);
			path = demoAlamofire;
			sourceTree = "<group>";
		};
		85628D522B8DABF66F34119B /* Pods */ = {
			isa = PBXGroup;
			children = (
				FAA5DE2B61046FEA807BFEEB /* Pods-demoAlamofire.debug.xcconfig */,
				7BC2EE512EE6573D427930AC /* Pods-demoAlamofire.release.xcconfig */,
			);
			name = Pods;
			sourceTree = "<group>";
		};
		B38C1E2926DF1764DBE2F7F5 /* Frameworks */ = {
			isa = PBXGroup;
			children = (
				E0AABD8BD36B034980807999 /* Pods_demoAlamofire.framework */,
			);
			name = Frameworks;
			sourceTree = "<group>";
		};
/* End PBXGroup section */

/* Begin PBXNativeTarget section */
		468705EC225FAB010054A8B1 /* demoAlamofire */ = {
			isa = PBXNativeTarget;
			buildConfigurationList = 468705FF225FAB020054A8B1 /* Build configuration list for PBXNativeTarget "demoAlamofire" */;
			buildPhases = (
				1DDFDA7733CF71705CEF8B51 /* [CP] Check Pods Manifest.lock */,
				468705E9225FAB010054A8B1 /* Sources */,
				468705EA225FAB010054A8B1 /* Frameworks */,
				468705EB225FAB010054A8B1 /* Resources */,
				C1286646F724F8C694FD5E00 /* [CP] Embed Pods Frameworks */,
			);
			buildRules = (
			);
			dependencies = (
			);
			name = demoAlamofire;
			productName = demoAlamofire;
			productReference = 468705ED225FAB010054A8B1 /* demoAlamofire.app */;
			productType = "com.apple.product-type.application";
		};
/* End PBXNativeTarget section */

/* Begin PBXProject section */
		468705E5225FAB010054A8B1 /* Project object */ = {
			isa = PBXProject;
			attributes = {
				LastSwiftUpdateCheck = 1010;
				LastUpgradeCheck = 1010;
				ORGANIZATIONNAME = "MC Collect";
				TargetAttributes = {
					468705EC225FAB010054A8B1 = {
						CreatedOnToolsVersion = 10.1;
					};
				};
			};
			buildConfigurationList = 468705E8225FAB010054A8B1 /* Build configuration list for PBXProject "demoAlamofire" */;
			compatibilityVersion = "Xcode 9.3";
			developmentRegion = en;
			hasScannedForEncodings = 0;
			knownRegions = (
				en,
				Base,
			);
			mainGroup = 468705E4225FAB010054A8B1;
			productRefGroup = 468705EE225FAB010054A8B1 /* Products */;
			projectDirPath = "";
			projectRoot = "";
			targets = (
				468705EC225FAB010054A8B1 /* demoAlamofire */,
			);
		};
/* End PBXProject section */

/* Begin PBXResourcesBuildPhase section */
		468705EB225FAB010054A8B1 /* Resources */ = {
			isa = PBXResourcesBuildPhase;
			buildActionMask = 2147483647;
			files = (
				468705FB225FAB020054A8B1 /* LaunchScreen.storyboard in Resources */,
				468705F8225FAB020054A8B1 /* Assets.xcassets in Resources */,
				468705F6225FAB010054A8B1 /* Main.storyboard in Resources */,
			);
			runOnlyForDeploymentPostprocessing = 0;
		};
/* End PBXResourcesBuildPhase section */

/* Begin PBXShellScriptBuildPhase section */
		1DDFDA7733CF71705CEF8B51 /* [CP] Check Pods Manifest.lock */ = {
			isa = PBXShellScriptBuildPhase;
			buildActionMask = 2147483647;
			files = (
			);
			inputFileListPaths = (
			);
			inputPaths = (
				"${PODS_PODFILE_DIR_PATH}/Podfile.lock",
				"${PODS_ROOT}/Manifest.lock",
			);
			name = "[CP] Check Pods Manifest.lock";
			outputFileListPaths = (
			);
			outputPaths = (
				"$(DERIVED_FILE_DIR)/Pods-demoAlamofire-checkManifestLockResult.txt",
			);
			runOnlyForDeploymentPostprocessing = 0;
			shellPath = /bin/sh;
			shellScript = "diff \"${PODS_PODFILE_DIR_PATH}/Podfile.lock\" \"${PODS_ROOT}/Manifest.lock\" > /dev/null\nif [ $? != 0 ] ; then\n    # print error to STDERR\n    echo \"error: The sandbox is not in sync with the Podfile.lock. Run 'pod install' or update your CocoaPods installation.\" >&2\n    exit 1\nfi\n# This output is used by Xcode 'outputs' to avoid re-running this script phase.\necho \"SUCCESS\" > \"${SCRIPT_OUTPUT_FILE_0}\"\n";
			showEnvVarsInLog = 0;
		};
		C1286646F724F8C694FD5E00 /* [CP] Embed Pods Frameworks */ = {
			isa = PBXShellScriptBuildPhase;
			buildActionMask = 2147483647;
			files = (
			);
			inputFileListPaths = (
			);
			inputPaths = (
				"${SRCROOT}/Pods/Target Support Files/Pods-demoAlamofire/Pods-demoAlamofire-frameworks.sh",
				"${BUILT_PRODUCTS_DIR}/Alamofire/Alamofire.framework",
				"${BUILT_PRODUCTS_DIR}/AlamofireImage/AlamofireImage.framework",
				"${BUILT_PRODUCTS_DIR}/AlamofireObjectMapper/AlamofireObjectMapper.framework",
				"${BUILT_PRODUCTS_DIR}/ObjectMapper/ObjectMapper.framework",
				"${BUILT_PRODUCTS_DIR}/SwiftyJSON/SwiftyJSON.framework",
			);
			name = "[CP] Embed Pods Frameworks";
			outputFileListPaths = (
			);
			outputPaths = (
				"${TARGET_BUILD_DIR}/${FRAMEWORKS_FOLDER_PATH}/Alamofire.framework",
				"${TARGET_BUILD_DIR}/${FRAMEWORKS_FOLDER_PATH}/AlamofireImage.framework",
				"${TARGET_BUILD_DIR}/${FRAMEWORKS_FOLDER_PATH}/AlamofireObjectMapper.framework",
				"${TARGET_BUILD_DIR}/${FRAMEWORKS_FOLDER_PATH}/ObjectMapper.framework",
				"${TARGET_BUILD_DIR}/${FRAMEWORKS_FOLDER_PATH}/SwiftyJSON.framework",
			);
			runOnlyForDeploymentPostprocessing = 0;
			shellPath = /bin/sh;
			shellScript = "\"${SRCROOT}/Pods/Target Support Files/Pods-demoAlamofire/Pods-demoAlamofire-frameworks.sh\"\n";
			showEnvVarsInLog = 0;
		};
/* End PBXShellScriptBuildPhase section */

/* Begin PBXSourcesBuildPhase section */
		468705E9225FAB010054A8B1 /* Sources */ = {
			isa = PBXSourcesBuildPhase;
			buildActionMask = 2147483647;
			files = (
				46870603226115E40054A8B1 /* Model.swift in Sources */,
				468705F3225FAB010054A8B1 /* ViewController.swift in Sources */,
				468705F1225FAB010054A8B1 /* AppDelegate.swift in Sources */,
			);
			runOnlyForDeploymentPostprocessing = 0;
		};
/* End PBXSourcesBuildPhase section */

/* Begin PBXVariantGroup section */
		468705F4225FAB010054A8B1 /* Main.storyboard */ = {
			isa = PBXVariantGroup;
			children = (
				468705F5225FAB010054A8B1 /* Base */,
			);
			name = Main.storyboard;
			sourceTree = "<group>";
		};
		468705F9225FAB020054A8B1 /* LaunchScreen.storyboard */ = {
			isa = PBXVariantGroup;
			children = (
				468705FA225FAB020054A8B1 /* Base */,
			);
			name = LaunchScreen.storyboard;
			sourceTree = "<group>";
		};
/* End PBXVariantGroup section */

/* Begin XCBuildConfiguration section */
		468705FD225FAB020054A8B1 /* Debug */ = {
			isa = XCBuildConfiguration;
			buildSettings = {
				ALWAYS_SEARCH_USER_PATHS = NO;
				CLANG_ANALYZER_NONNULL = YES;
				CLANG_ANALYZER_NUMBER_OBJECT_CONVERSION = YES_AGGRESSIVE;
				CLANG_CXX_LANGUAGE_STANDARD = "gnu++14";
				CLANG_CXX_LIBRARY = "libc++";
				CLANG_ENABLE_MODULES = YES;
				CLANG_ENABLE_OBJC_ARC = YES;
				CLANG_ENABLE_OBJC_WEAK = YES;
				CLANG_WARN_BLOCK_CAPTURE_AUTORELEASING = YES;
				CLANG_WARN_BOOL_CONVERSION = YES;
				CLANG_WARN_COMMA = YES;
				CLANG_WARN_CONSTANT_CONVERSION = YES;
				CLANG_WARN_DEPRECATED_OBJC_IMPLEMENTATIONS = YES;
				CLANG_WARN_DIRECT_OBJC_ISA_USAGE = YES_ERROR;
				CLANG_WARN_DOCUMENTATION_COMMENTS = YES;
				CLANG_WARN_EMPTY_BODY = YES;
				CLANG_WARN_ENUM_CONVERSION = YES;
				CLANG_WARN_INFINITE_RECURSION = YES;
				CLANG_WARN_INT_CONVERSION = YES;
				CLANG_WARN_NON_LITERAL_NULL_CONVERSION = YES;
				CLANG_WARN_OBJC_IMPLICIT_RETAIN_SELF = YES;
				CLANG_WARN_OBJC_LITERAL_CONVERSION = YES;
				CLANG_WARN_OBJC_ROOT_CLASS = YES_ERROR;
				CLANG_WARN_RANGE_LOOP_ANALYSIS = YES;
				CLANG_WARN_STRICT_PROTOTYPES = YES;
				CLANG_WARN_SUSPICIOUS_MOVE = YES;
				CLANG_WARN_UNGUARDED_AVAILABILITY = YES_AGGRESSIVE;
				CLANG_WARN_UNREACHABLE_CODE = YES;
				CLANG_WARN__DUPLICATE_METHOD_MATCH = YES;
				CODE_SIGN_IDENTITY = "iPhone Developer";
				COPY_PHASE_STRIP = NO;
				DEBUG_INFORMATION_FORMAT = dwarf;
				ENABLE_STRICT_OBJC_MSGSEND = YES;
				ENABLE_TESTABILITY = YES;
				GCC_C_LANGUAGE_STANDARD = gnu11;
				GCC_DYNAMIC_NO_PIC = NO;
				GCC_NO_COMMON_BLOCKS = YES;
				GCC_OPTIMIZATION_LEVEL = 0;
				GCC_PREPROCESSOR_DEFINITIONS = (
					"DEBUG=1",
					"$(inherited)",
				);
				GCC_WARN_64_TO_32_BIT_CONVERSION = YES;
				GCC_WARN_ABOUT_RETURN_TYPE = YES_ERROR;
				GCC_WARN_UNDECLARED_SELECTOR = YES;
				GCC_WARN_UNINITIALIZED_AUTOS = YES_AGGRESSIVE;
				GCC_WARN_UNUSED_FUNCTION = YES;
				GCC_WARN_UNUSED_VARIABLE = YES;
				IPHONEOS_DEPLOYMENT_TARGET = 12.1;
				MTL_ENABLE_DEBUG_INFO = INCLUDE_SOURCE;
				MTL_FAST_MATH = YES;
				ONLY_ACTIVE_ARCH = YES;
				SDKROOT = iphoneos;
				SWIFT_ACTIVE_COMPILATION_CONDITIONS = DEBUG;
				SWIFT_OPTIMIZATION_LEVEL = "-Onone";
			};
			name = Debug;
		};
		468705FE225FAB020054A8B1 /* Release */ = {
			isa = XCBuildConfiguration;
			buildSettings = {
				ALWAYS_SEARCH_USER_PATHS = NO;
				CLANG_ANALYZER_NONNULL = YES;
				CLANG_ANALYZER_NUMBER_OBJECT_CONVERSION = YES_AGGRESSIVE;
				CLANG_CXX_LANGUAGE_STANDARD = "gnu++14";
				CLANG_CXX_LIBRARY = "libc++";
				CLANG_ENABLE_MODULES = YES;
				CLANG_ENABLE_OBJC_ARC = YES;
				CLANG_ENABLE_OBJC_WEAK = YES;
				CLANG_WARN_BLOCK_CAPTURE_AUTORELEASING = YES;
				CLANG_WARN_BOOL_CONVERSION = YES;
				CLANG_WARN_COMMA = YES;
				CLANG_WARN_CONSTANT_CONVERSION = YES;
				CLANG_WARN_DEPRECATED_OBJC_IMPLEMENTATIONS = YES;
				CLANG_WARN_DIRECT_OBJC_ISA_USAGE = YES_ERROR;
				CLANG_WARN_DOCUMENTATION_COMMENTS = YES;
				CLANG_WARN_EMPTY_BODY = YES;
				CLANG_WARN_ENUM_CONVERSION = YES;
				CLANG_WARN_INFINITE_RECURSION = YES;
				CLANG_WARN_INT_CONVERSION = YES;
				CLANG_WARN_NON_LITERAL_NULL_CONVERSION = YES;
				CLANG_WARN_OBJC_IMPLICIT_RETAIN_SELF = YES;
				CLANG_WARN_OBJC_LITERAL_CONVERSION = YES;
				CLANG_WARN_OBJC_ROOT_CLASS = YES_ERROR;
				CLANG_WARN_RANGE_LOOP_ANALYSIS = YES;
				CLANG_WARN_STRICT_PROTOTYPES = YES;
				CLANG_WARN_SUSPICIOUS_MOVE = YES;
				CLANG_WARN_UNGUARDED_AVAILABILITY = YES_AGGRESSIVE;
				CLANG_WARN_UNREACHABLE_CODE = YES;
				CLANG_WARN__DUPLICATE_METHOD_MATCH = YES;
				CODE_SIGN_IDENTITY = "iPhone Developer";
				COPY_PHASE_STRIP = NO;
				DEBUG_INFORMATION_FORMAT = "dwarf-with-dsym";
				ENABLE_NS_ASSERTIONS = NO;
				ENABLE_STRICT_OBJC_MSGSEND = YES;
				GCC_C_LANGUAGE_STANDARD = gnu11;
				GCC_NO_COMMON_BLOCKS = YES;
				GCC_WARN_64_TO_32_BIT_CONVERSION = YES;
				GCC_WARN_ABOUT_RETURN_TYPE = YES_ERROR;
				GCC_WARN_UNDECLARED_SELECTOR = YES;
				GCC_WARN_UNINITIALIZED_AUTOS = YES_AGGRESSIVE;
				GCC_WARN_UNUSED_FUNCTION = YES;
				GCC_WARN_UNUSED_VARIABLE = YES;
				IPHONEOS_DEPLOYMENT_TARGET = 12.1;
				MTL_ENABLE_DEBUG_INFO = NO;
				MTL_FAST_MATH = YES;
				SDKROOT = iphoneos;
				SWIFT_COMPILATION_MODE = wholemodule;
				SWIFT_OPTIMIZATION_LEVEL = "-O";
				VALIDATE_PRODUCT = YES;
			};
			name = Release;
		};
		46870600225FAB020054A8B1 /* Debug */ = {
			isa = XCBuildConfiguration;
			baseConfigurationReference = FAA5DE2B61046FEA807BFEEB /* Pods-demoAlamofire.debug.xcconfig */;
			buildSettings = {
				ASSETCATALOG_COMPILER_APPICON_NAME = AppIcon;
				CODE_SIGN_STYLE = Automatic;
				DEVELOPMENT_TEAM = XTX2RGARDB;
				INFOPLIST_FILE = demoAlamofire/Info.plist;
				LD_RUNPATH_SEARCH_PATHS = (
					"$(inherited)",
					"@executable_path/Frameworks",
				);
				PRODUCT_BUNDLE_IDENTIFIER = com.mc.ios.demoAlamofire;
				PRODUCT_NAME = "$(TARGET_NAME)";
				SWIFT_VERSION = 4.2;
				TARGETED_DEVICE_FAMILY = "1,2";
			};
			name = Debug;
		};
		46870601225FAB020054A8B1 /* Release */ = {
			isa = XCBuildConfiguration;
			baseConfigurationReference = 7BC2EE512EE6573D427930AC /* Pods-demoAlamofire.release.xcconfig */;
			buildSettings = {
				ASSETCATALOG_COMPILER_APPICON_NAME = AppIcon;
				CODE_SIGN_STYLE = Automatic;
				DEVELOPMENT_TEAM = XTX2RGARDB;
				INFOPLIST_FILE = demoAlamofire/Info.plist;
				LD_RUNPATH_SEARCH_PATHS = (
					"$(inherited)",
					"@executable_path/Frameworks",
				);
				PRODUCT_BUNDLE_IDENTIFIER = com.mc.ios.demoAlamofire;
				PRODUCT_NAME = "$(TARGET_NAME)";
				SWIFT_VERSION = 4.2;
				TARGETED_DEVICE_FAMILY = "1,2";
			};
			name = Release;
		};
/* End XCBuildConfiguration section */

/* Begin XCConfigurationList section */
		468705E8225FAB010054A8B1 /* Build configuration list for PBXProject "demoAlamofire" */ = {
			isa = XCConfigurationList;
			buildConfigurations = (
				468705FD225FAB020054A8B1 /* Debug */,
				468705FE225FAB020054A8B1 /* Release */,
			);
			defaultConfigurationIsVisible = 0;
			defaultConfigurationName = Release;
		};
		468705FF225FAB020054A8B1 /* Build configuration list for PBXNativeTarget "demoAlamofire" */ = {
			isa = XCConfigurationList;
			buildConfigurations = (
				46870600225FAB020054A8B1 /* Debug */,
				46870601225FAB020054A8B1 /* Release */,
			);
			defaultConfigurationIsVisible = 0;
			defaultConfigurationName = Release;
		};
/* End XCConfigurationList section */
	};
	rootObject = 468705E5225FAB010054A8B1 /* Project object */;
}
